// !$*UTF8*$!
{
	archiveVersion = 1;
	classes = {
	};
	objectVersion = 50;
	objects = {

/* Begin PBXBuildFile section */
		3A5684AF6674B38BB128C9DC /* libPods-DemoCIUITests.a in Frameworks */ = {isa = PBXBuildFile; fileRef = 6905342B6F8C83F82CB33660 /* libPods-DemoCIUITests.a */; };
		662C8D815CB142A8EC598358 /* libPods-DemoCI.a in Frameworks */ = {isa = PBXBuildFile; fileRef = 73DB716B8B9E1BC8B82B2DAC /* libPods-DemoCI.a */; };
		A4FDB202219EEF5D0071B820 /* AppDelegate.m in Sources */ = {isa = PBXBuildFile; fileRef = A4FDB201219EEF5D0071B820 /* AppDelegate.m */; };
		A4FDB205219EEF5D0071B820 /* ViewController.m in Sources */ = {isa = PBXBuildFile; fileRef = A4FDB204219EEF5D0071B820 /* ViewController.m */; };
		A4FDB208219EEF5D0071B820 /* Main.storyboard in Resources */ = {isa = PBXBuildFile; fileRef = A4FDB206219EEF5D0071B820 /* Main.storyboard */; };
		A4FDB20A219EEF680071B820 /* Assets.xcassets in Resources */ = {isa = PBXBuildFile; fileRef = A4FDB209219EEF680071B820 /* Assets.xcassets */; };
		A4FDB20D219EEF680071B820 /* LaunchScreen.storyboard in Resources */ = {isa = PBXBuildFile; fileRef = A4FDB20B219EEF680071B820 /* LaunchScreen.storyboard */; };
		A4FDB210219EEF680071B820 /* main.m in Sources */ = {isa = PBXBuildFile; fileRef = A4FDB20F219EEF680071B820 /* main.m */; };
		A4FDB21A219EEF690071B820 /* DemoCITests.m in Sources */ = {isa = PBXBuildFile; fileRef = A4FDB219219EEF690071B820 /* DemoCITests.m */; };
		A4FDB225219EEF690071B820 /* DemoCIUITests.m in Sources */ = {isa = PBXBuildFile; fileRef = A4FDB224219EEF690071B820 /* DemoCIUITests.m */; };
		AB1651FA4A31F89589C4957F /* libPods-DemoCITests.a in Frameworks */ = {isa = PBXBuildFile; fileRef = EFFD77AE7CAD29069CFCF731 /* libPods-DemoCITests.a */; };
/* End PBXBuildFile section */

/* Begin PBXContainerItemProxy section */
		A4FDB216219EEF690071B820 /* PBXContainerItemProxy */ = {
			isa = PBXContainerItemProxy;
			containerPortal = A4FDB1F5219EEF5C0071B820 /* Project object */;
			proxyType = 1;
			remoteGlobalIDString = A4FDB1FC219EEF5D0071B820;
			remoteInfo = DemoCI;
		};
		A4FDB221219EEF690071B820 /* PBXContainerItemProxy */ = {
			isa = PBXContainerItemProxy;
			containerPortal = A4FDB1F5219EEF5C0071B820 /* Project object */;
			proxyType = 1;
			remoteGlobalIDString = A4FDB1FC219EEF5D0071B820;
			remoteInfo = DemoCI;
		};
/* End PBXContainerItemProxy section */

/* Begin PBXFileReference section */
		3E05CFC61FAD3A2460DBA696 /* Pods-DemoCIUITests.debug.xcconfig */ = {isa = PBXFileReference; includeInIndex = 1; lastKnownFileType = text.xcconfig; name = "Pods-DemoCIUITests.debug.xcconfig"; path = "Pods/Target Support Files/Pods-DemoCIUITests/Pods-DemoCIUITests.debug.xcconfig"; sourceTree = "<group>"; };
		6905342B6F8C83F82CB33660 /* libPods-DemoCIUITests.a */ = {isa = PBXFileReference; explicitFileType = archive.ar; includeInIndex = 0; path = "libPods-DemoCIUITests.a"; sourceTree = BUILT_PRODUCTS_DIR; };
		6F0DF45C2A5CEEF3446D1BCC /* Pods-DemoCIUITests.release.xcconfig */ = {isa = PBXFileReference; includeInIndex = 1; lastKnownFileType = text.xcconfig; name = "Pods-DemoCIUITests.release.xcconfig"; path = "Pods/Target Support Files/Pods-DemoCIUITests/Pods-DemoCIUITests.release.xcconfig"; sourceTree = "<group>"; };
		73DB716B8B9E1BC8B82B2DAC /* libPods-DemoCI.a */ = {isa = PBXFileReference; explicitFileType = archive.ar; includeInIndex = 0; path = "libPods-DemoCI.a"; sourceTree = BUILT_PRODUCTS_DIR; };
		8D9179580D6BE4451A9C878E /* Pods-DemoCITests.release.xcconfig */ = {isa = PBXFileReference; includeInIndex = 1; lastKnownFileType = text.xcconfig; name = "Pods-DemoCITests.release.xcconfig"; path = "Pods/Target Support Files/Pods-DemoCITests/Pods-DemoCITests.release.xcconfig"; sourceTree = "<group>"; };
		A4FDB1FD219EEF5D0071B820 /* DemoCI.app */ = {isa = PBXFileReference; explicitFileType = wrapper.application; includeInIndex = 0; path = DemoCI.app; sourceTree = BUILT_PRODUCTS_DIR; };
		A4FDB200219EEF5D0071B820 /* AppDelegate.h */ = {isa = PBXFileReference; lastKnownFileType = sourcecode.c.h; path = AppDelegate.h; sourceTree = "<group>"; };
		A4FDB201219EEF5D0071B820 /* AppDelegate.m */ = {isa = PBXFileReference; lastKnownFileType = sourcecode.c.objc; path = AppDelegate.m; sourceTree = "<group>"; };
		A4FDB203219EEF5D0071B820 /* ViewController.h */ = {isa = PBXFileReference; lastKnownFileType = sourcecode.c.h; path = ViewController.h; sourceTree = "<group>"; };
		A4FDB204219EEF5D0071B820 /* ViewController.m */ = {isa = PBXFileReference; lastKnownFileType = sourcecode.c.objc; path = ViewController.m; sourceTree = "<group>"; };
		A4FDB207219EEF5D0071B820 /* Base */ = {isa = PBXFileReference; lastKnownFileType = file.storyboard; name = Base; path = Base.lproj/Main.storyboard; sourceTree = "<group>"; };
		A4FDB209219EEF680071B820 /* Assets.xcassets */ = {isa = PBXFileReference; lastKnownFileType = folder.assetcatalog; path = Assets.xcassets; sourceTree = "<group>"; };
		A4FDB20C219EEF680071B820 /* Base */ = {isa = PBXFileReference; lastKnownFileType = file.storyboard; name = Base; path = Base.lproj/LaunchScreen.storyboard; sourceTree = "<group>"; };
		A4FDB20E219EEF680071B820 /* Info.plist */ = {isa = PBXFileReference; lastKnownFileType = text.plist.xml; path = Info.plist; sourceTree = "<group>"; };
		A4FDB20F219EEF680071B820 /* main.m */ = {isa = PBXFileReference; lastKnownFileType = sourcecode.c.objc; path = main.m; sourceTree = "<group>"; };
		A4FDB215219EEF690071B820 /* DemoCITests.xctest */ = {isa = PBXFileReference; explicitFileType = wrapper.cfbundle; includeInIndex = 0; path = DemoCITests.xctest; sourceTree = BUILT_PRODUCTS_DIR; };
		A4FDB219219EEF690071B820 /* DemoCITests.m */ = {isa = PBXFileReference; lastKnownFileType = sourcecode.c.objc; path = DemoCITests.m; sourceTree = "<group>"; };
		A4FDB21B219EEF690071B820 /* Info.plist */ = {isa = PBXFileReference; lastKnownFileType = text.plist.xml; path = Info.plist; sourceTree = "<group>"; };
		A4FDB220219EEF690071B820 /* DemoCIUITests.xctest */ = {isa = PBXFileReference; explicitFileType = wrapper.cfbundle; includeInIndex = 0; path = DemoCIUITests.xctest; sourceTree = BUILT_PRODUCTS_DIR; };
		A4FDB224219EEF690071B820 /* DemoCIUITests.m */ = {isa = PBXFileReference; lastKnownFileType = sourcecode.c.objc; path = DemoCIUITests.m; sourceTree = "<group>"; };
		A4FDB226219EEF690071B820 /* Info.plist */ = {isa = PBXFileReference; lastKnownFileType = text.plist.xml; path = Info.plist; sourceTree = "<group>"; };
		D83C1F3FE59516C001749905 /* Pods-DemoCI.debug.xcconfig */ = {isa = PBXFileReference; includeInIndex = 1; lastKnownFileType = text.xcconfig; name = "Pods-DemoCI.debug.xcconfig"; path = "Pods/Target Support Files/Pods-DemoCI/Pods-DemoCI.debug.xcconfig"; sourceTree = "<group>"; };
		D9B593F654190B0AB1891240 /* Pods-DemoCI.release.xcconfig */ = {isa = PBXFileReference; includeInIndex = 1; lastKnownFileType = text.xcconfig; name = "Pods-DemoCI.release.xcconfig"; path = "Pods/Target Support Files/Pods-DemoCI/Pods-DemoCI.release.xcconfig"; sourceTree = "<group>"; };
		EE87988BFE8B46DD3E7F1CC2 /* Pods-DemoCITests.debug.xcconfig */ = {isa = PBXFileReference; includeInIndex = 1; lastKnownFileType = text.xcconfig; name = "Pods-DemoCITests.debug.xcconfig"; path = "Pods/Target Support Files/Pods-DemoCITests/Pods-DemoCITests.debug.xcconfig"; sourceTree = "<group>"; };
		EFFD77AE7CAD29069CFCF731 /* libPods-DemoCITests.a */ = {isa = PBXFileReference; explicitFileType = archive.ar; includeInIndex = 0; path = "libPods-DemoCITests.a"; sourceTree = BUILT_PRODUCTS_DIR; };
/* End PBXFileReference section */

/* Begin PBXFrameworksBuildPhase section */
		A4FDB1FA219EEF5D0071B820 /* Frameworks */ = {
			isa = PBXFrameworksBuildPhase;
			buildActionMask = 2147483647;
			files = (
				662C8D815CB142A8EC598358 /* libPods-DemoCI.a in Frameworks */,
			);
			runOnlyForDeploymentPostprocessing = 0;
		};
		A4FDB212219EEF690071B820 /* Frameworks */ = {
			isa = PBXFrameworksBuildPhase;
			buildActionMask = 2147483647;
			files = (
				AB1651FA4A31F89589C4957F /* libPods-DemoCITests.a in Frameworks */,
			);
			runOnlyForDeploymentPostprocessing = 0;
		};
		A4FDB21D219EEF690071B820 /* Frameworks */ = {
			isa = PBXFrameworksBuildPhase;
			buildActionMask = 2147483647;
			files = (
				3A5684AF6674B38BB128C9DC /* libPods-DemoCIUITests.a in Frameworks */,
			);
			runOnlyForDeploymentPostprocessing = 0;
		};
/* End PBXFrameworksBuildPhase section */

/* Begin PBXGroup section */
		990BA2628AC4F5CDAEEABCAA /* Frameworks */ = {
			isa = PBXGroup;
			children = (
				73DB716B8B9E1BC8B82B2DAC /* libPods-DemoCI.a */,
				EFFD77AE7CAD29069CFCF731 /* libPods-DemoCITests.a */,
				6905342B6F8C83F82CB33660 /* libPods-DemoCIUITests.a */,
			);
			name = Frameworks;
			sourceTree = "<group>";
		};
		A4FDB1F4219EEF5C0071B820 = {
			isa = PBXGroup;
			children = (
				A4FDB1FF219EEF5D0071B820 /* DemoCI */,
				A4FDB218219EEF690071B820 /* DemoCITests */,
				A4FDB223219EEF690071B820 /* DemoCIUITests */,
				A4FDB1FE219EEF5D0071B820 /* Products */,
				DC3BB5195A25E57D07469AC0 /* Pods */,
				990BA2628AC4F5CDAEEABCAA /* Frameworks */,
			);
			sourceTree = "<group>";
		};
		A4FDB1FE219EEF5D0071B820 /* Products */ = {
			isa = PBXGroup;
			children = (
				A4FDB1FD219EEF5D0071B820 /* DemoCI.app */,
				A4FDB215219EEF690071B820 /* DemoCITests.xctest */,
				A4FDB220219EEF690071B820 /* DemoCIUITests.xctest */,
			);
			name = Products;
			sourceTree = "<group>";
		};
		A4FDB1FF219EEF5D0071B820 /* DemoCI */ = {
			isa = PBXGroup;
			children = (
				A4FDB200219EEF5D0071B820 /* AppDelegate.h */,
				A4FDB201219EEF5D0071B820 /* AppDelegate.m */,
				A4FDB203219EEF5D0071B820 /* ViewController.h */,
				A4FDB204219EEF5D0071B820 /* ViewController.m */,
				A4FDB206219EEF5D0071B820 /* Main.storyboard */,
				A4FDB209219EEF680071B820 /* Assets.xcassets */,
				A4FDB20B219EEF680071B820 /* LaunchScreen.storyboard */,
				A4FDB20E219EEF680071B820 /* Info.plist */,
				A4FDB20F219EEF680071B820 /* main.m */,
			);
			path = DemoCI;
			sourceTree = "<group>";
		};
		A4FDB218219EEF690071B820 /* DemoCITests */ = {
			isa = PBXGroup;
			children = (
				A4FDB219219EEF690071B820 /* DemoCITests.m */,
				A4FDB21B219EEF690071B820 /* Info.plist */,
			);
			path = DemoCITests;
			sourceTree = "<group>";
		};
		A4FDB223219EEF690071B820 /* DemoCIUITests */ = {
			isa = PBXGroup;
			children = (
				A4FDB224219EEF690071B820 /* DemoCIUITests.m */,
				A4FDB226219EEF690071B820 /* Info.plist */,
			);
			path = DemoCIUITests;
			sourceTree = "<group>";
		};
		DC3BB5195A25E57D07469AC0 /* Pods */ = {
			isa = PBXGroup;
			children = (
				D83C1F3FE59516C001749905 /* Pods-DemoCI.debug.xcconfig */,
				D9B593F654190B0AB1891240 /* Pods-DemoCI.release.xcconfig */,
				EE87988BFE8B46DD3E7F1CC2 /* Pods-DemoCITests.debug.xcconfig */,
				8D9179580D6BE4451A9C878E /* Pods-DemoCITests.release.xcconfig */,
				3E05CFC61FAD3A2460DBA696 /* Pods-DemoCIUITests.debug.xcconfig */,
				6F0DF45C2A5CEEF3446D1BCC /* Pods-DemoCIUITests.release.xcconfig */,
			);
			name = Pods;
			sourceTree = "<group>";
		};
/* End PBXGroup section */

/* Begin PBXNativeTarget section */
		A4FDB1FC219EEF5D0071B820 /* DemoCI */ = {
			isa = PBXNativeTarget;
			buildConfigurationList = A4FDB229219EEF690071B820 /* Build configuration list for PBXNativeTarget "DemoCI" */;
			buildPhases = (
				87778783088A3A14319A553F /* [CP] Check Pods Manifest.lock */,
				A4FDB1F9219EEF5D0071B820 /* Sources */,
				A4FDB1FA219EEF5D0071B820 /* Frameworks */,
				A4FDB1FB219EEF5D0071B820 /* Resources */,
				A4FDB232219EF2560071B820 /* ShellScript */,
			);
			buildRules = (
			);
			dependencies = (
			);
			name = DemoCI;
			productName = DemoCI;
			productReference = A4FDB1FD219EEF5D0071B820 /* DemoCI.app */;
			productType = "com.apple.product-type.application";
		};
		A4FDB214219EEF690071B820 /* DemoCITests */ = {
			isa = PBXNativeTarget;
			buildConfigurationList = A4FDB22C219EEF690071B820 /* Build configuration list for PBXNativeTarget "DemoCITests" */;
			buildPhases = (
				2CB74FD54BA1C64F66243684 /* [CP] Check Pods Manifest.lock */,
				A4FDB211219EEF690071B820 /* Sources */,
				A4FDB212219EEF690071B820 /* Frameworks */,
				A4FDB213219EEF690071B820 /* Resources */,
			);
			buildRules = (
			);
			dependencies = (
				A4FDB217219EEF690071B820 /* PBXTargetDependency */,
			);
			name = DemoCITests;
			productName = DemoCITests;
			productReference = A4FDB215219EEF690071B820 /* DemoCITests.xctest */;
			productType = "com.apple.product-type.bundle.unit-test";
		};
		A4FDB21F219EEF690071B820 /* DemoCIUITests */ = {
			isa = PBXNativeTarget;
			buildConfigurationList = A4FDB22F219EEF690071B820 /* Build configuration list for PBXNativeTarget "DemoCIUITests" */;
			buildPhases = (
				95DCD28D8C806616736AFF91 /* [CP] Check Pods Manifest.lock */,
				A4FDB21C219EEF690071B820 /* Sources */,
				A4FDB21D219EEF690071B820 /* Frameworks */,
				A4FDB21E219EEF690071B820 /* Resources */,
			);
			buildRules = (
			);
			dependencies = (
				A4FDB222219EEF690071B820 /* PBXTargetDependency */,
			);
			name = DemoCIUITests;
			productName = DemoCIUITests;
			productReference = A4FDB220219EEF690071B820 /* DemoCIUITests.xctest */;
			productType = "com.apple.product-type.bundle.ui-testing";
		};
/* End PBXNativeTarget section */

/* Begin PBXProject section */
		A4FDB1F5219EEF5C0071B820 /* Project object */ = {
			isa = PBXProject;
			attributes = {
				LastUpgradeCheck = 1010;
				ORGANIZATIONNAME = "Prabhu Durai";
				TargetAttributes = {
					A4FDB1FC219EEF5D0071B820 = {
						CreatedOnToolsVersion = 10.1;
					};
					A4FDB214219EEF690071B820 = {
						CreatedOnToolsVersion = 10.1;
						TestTargetID = A4FDB1FC219EEF5D0071B820;
					};
					A4FDB21F219EEF690071B820 = {
						CreatedOnToolsVersion = 10.1;
						TestTargetID = A4FDB1FC219EEF5D0071B820;
					};
				};
			};
			buildConfigurationList = A4FDB1F8219EEF5C0071B820 /* Build configuration list for PBXProject "DemoCI" */;
			compatibilityVersion = "Xcode 9.3";
			developmentRegion = en;
			hasScannedForEncodings = 0;
			knownRegions = (
				en,
				Base,
			);
			mainGroup = A4FDB1F4219EEF5C0071B820;
			productRefGroup = A4FDB1FE219EEF5D0071B820 /* Products */;
			projectDirPath = "";
			projectRoot = "";
			targets = (
				A4FDB1FC219EEF5D0071B820 /* DemoCI */,
				A4FDB214219EEF690071B820 /* DemoCITests */,
				A4FDB21F219EEF690071B820 /* DemoCIUITests */,
			);
		};
/* End PBXProject section */

/* Begin PBXResourcesBuildPhase section */
		A4FDB1FB219EEF5D0071B820 /* Resources */ = {
			isa = PBXResourcesBuildPhase;
			buildActionMask = 2147483647;
			files = (
				A4FDB20D219EEF680071B820 /* LaunchScreen.storyboard in Resources */,
				A4FDB20A219EEF680071B820 /* Assets.xcassets in Resources */,
				A4FDB208219EEF5D0071B820 /* Main.storyboard in Resources */,
			);
			runOnlyForDeploymentPostprocessing = 0;
		};
		A4FDB213219EEF690071B820 /* Resources */ = {
			isa = PBXResourcesBuildPhase;
			buildActionMask = 2147483647;
			files = (
			);
			runOnlyForDeploymentPostprocessing = 0;
		};
		A4FDB21E219EEF690071B820 /* Resources */ = {
			isa = PBXResourcesBuildPhase;
			buildActionMask = 2147483647;
			files = (
			);
			runOnlyForDeploymentPostprocessing = 0;
		};
/* End PBXResourcesBuildPhase section */

/* Begin PBXShellScriptBuildPhase section */
		2CB74FD54BA1C64F66243684 /* [CP] Check Pods Manifest.lock */ = {
			isa = PBXShellScriptBuildPhase;
			buildActionMask = 2147483647;
			files = (
			);
			inputFileListPaths = (
			);
			inputPaths = (
				"${PODS_PODFILE_DIR_PATH}/Podfile.lock",
				"${PODS_ROOT}/Manifest.lock",
			);
			name = "[CP] Check Pods Manifest.lock";
			outputFileListPaths = (
			);
			outputPaths = (
				"$(DERIVED_FILE_DIR)/Pods-DemoCITests-checkManifestLockResult.txt",
			);
			runOnlyForDeploymentPostprocessing = 0;
			shellPath = /bin/sh;
			shellScript = "diff \"${PODS_PODFILE_DIR_PATH}/Podfile.lock\" \"${PODS_ROOT}/Manifest.lock\" > /dev/null\nif [ $? != 0 ] ; then\n    # print error to STDERR\n    echo \"error: The sandbox is not in sync with the Podfile.lock. Run 'pod install' or update your CocoaPods installation.\" >&2\n    exit 1\nfi\n# This output is used by Xcode 'outputs' to avoid re-running this script phase.\necho \"SUCCESS\" > \"${SCRIPT_OUTPUT_FILE_0}\"\n";
			showEnvVarsInLog = 0;
		};
		87778783088A3A14319A553F /* [CP] Check Pods Manifest.lock */ = {
			isa = PBXShellScriptBuildPhase;
			buildActionMask = 2147483647;
			files = (
			);
			inputFileListPaths = (
			);
			inputPaths = (
				"${PODS_PODFILE_DIR_PATH}/Podfile.lock",
				"${PODS_ROOT}/Manifest.lock",
			);
			name = "[CP] Check Pods Manifest.lock";
			outputFileListPaths = (
			);
			outputPaths = (
				"$(DERIVED_FILE_DIR)/Pods-DemoCI-checkManifestLockResult.txt",
			);
			runOnlyForDeploymentPostprocessing = 0;
			shellPath = /bin/sh;
			shellScript = "diff \"${PODS_PODFILE_DIR_PATH}/Podfile.lock\" \"${PODS_ROOT}/Manifest.lock\" > /dev/null\nif [ $? != 0 ] ; then\n    # print error to STDERR\n    echo \"error: The sandbox is not in sync with the Podfile.lock. Run 'pod install' or update your CocoaPods installation.\" >&2\n    exit 1\nfi\n# This output is used by Xcode 'outputs' to avoid re-running this script phase.\necho \"SUCCESS\" > \"${SCRIPT_OUTPUT_FILE_0}\"\n";
			showEnvVarsInLog = 0;
		};
		95DCD28D8C806616736AFF91 /* [CP] Check Pods Manifest.lock */ = {
			isa = PBXShellScriptBuildPhase;
			buildActionMask = 2147483647;
			files = (
			);
			inputFileListPaths = (
			);
			inputPaths = (
				"${PODS_PODFILE_DIR_PATH}/Podfile.lock",
				"${PODS_ROOT}/Manifest.lock",
			);
			name = "[CP] Check Pods Manifest.lock";
			outputFileListPaths = (
			);
			outputPaths = (
				"$(DERIVED_FILE_DIR)/Pods-DemoCIUITests-checkManifestLockResult.txt",
			);
			runOnlyForDeploymentPostprocessing = 0;
			shellPath = /bin/sh;
			shellScript = "diff \"${PODS_PODFILE_DIR_PATH}/Podfile.lock\" \"${PODS_ROOT}/Manifest.lock\" > /dev/null\nif [ $? != 0 ] ; then\n    # print error to STDERR\n    echo \"error: The sandbox is not in sync with the Podfile.lock. Run 'pod install' or update your CocoaPods installation.\" >&2\n    exit 1\nfi\n# This output is used by Xcode 'outputs' to avoid re-running this script phase.\necho \"SUCCESS\" > \"${SCRIPT_OUTPUT_FILE_0}\"\n";
			showEnvVarsInLog = 0;
		};
		A4FDB232219EF2560071B820 /* ShellScript */ = {
			isa = PBXShellScriptBuildPhase;
			buildActionMask = 2147483647;
			files = (
			);
			inputFileListPaths = (
			);
			inputPaths = (
			);
			outputFileListPaths = (
			);
			outputPaths = (
			);
			runOnlyForDeploymentPostprocessing = 0;
			shellPath = /bin/sh;
			shellScript = "# Type a script or drag a script file from your workspace to insert its path.\nAPP_PATH=\"${TARGET_BUILD_DIR}/${WRAPPER_NAME}\"\n\n# This script loops through the frameworks embedded in the application and\n# removes unused architectures.\nfind \"$APP_PATH\" -name '*.framework' -type d | while read -r FRAMEWORK\ndo\nFRAMEWORK_EXECUTABLE_NAME=$(defaults read \"$FRAMEWORK/Info.plist\" CFBundleExecutable)\nFRAMEWORK_EXECUTABLE_PATH=\"$FRAMEWORK/$FRAMEWORK_EXECUTABLE_NAME\"\necho \"Executable is $FRAMEWORK_EXECUTABLE_PATH\"\n\nEXTRACTED_ARCHS=()\n\nfor ARCH in $ARCHS\ndo\necho \"Extracting $ARCH from $FRAMEWORK_EXECUTABLE_NAME\"\nlipo -extract \"$ARCH\" \"$FRAMEWORK_EXECUTABLE_PATH\" -o \"$FRAMEWORK_EXECUTABLE_PATH-$ARCH\"\nEXTRACTED_ARCHS+=(\"$FRAMEWORK_EXECUTABLE_PATH-$ARCH\")\ndone\n\necho \"Merging extracted architectures: ${ARCHS}\"\nlipo -o \"$FRAMEWORK_EXECUTABLE_PATH-merged\" -create \"${EXTRACTED_ARCHS[@]}\"\nrm \"${EXTRACTED_ARCHS[@]}\"\n\necho \"Replacing original executable with thinned version\"\nrm \"$FRAMEWORK_EXECUTABLE_PATH\"\nmv \"$FRAMEWORK_EXECUTABLE_PATH-merged\" \"$FRAMEWORK_EXECUTABLE_PATH\"\n\ndone\n";
		};
/* End PBXShellScriptBuildPhase section */

/* Begin PBXSourcesBuildPhase section */
		A4FDB1F9219EEF5D0071B820 /* Sources */ = {
			isa = PBXSourcesBuildPhase;
			buildActionMask = 2147483647;
			files = (
				A4FDB205219EEF5D0071B820 /* ViewController.m in Sources */,
				A4FDB210219EEF680071B820 /* main.m in Sources */,
				A4FDB202219EEF5D0071B820 /* AppDelegate.m in Sources */,
			);
			runOnlyForDeploymentPostprocessing = 0;
		};
		A4FDB211219EEF690071B820 /* Sources */ = {
			isa = PBXSourcesBuildPhase;
			buildActionMask = 2147483647;
			files = (
				A4FDB21A219EEF690071B820 /* DemoCITests.m in Sources */,
			);
			runOnlyForDeploymentPostprocessing = 0;
		};
		A4FDB21C219EEF690071B820 /* Sources */ = {
			isa = PBXSourcesBuildPhase;
			buildActionMask = 2147483647;
			files = (
				A4FDB225219EEF690071B820 /* DemoCIUITests.m in Sources */,
			);
			runOnlyForDeploymentPostprocessing = 0;
		};
/* End PBXSourcesBuildPhase section */

/* Begin PBXTargetDependency section */
		A4FDB217219EEF690071B820 /* PBXTargetDependency */ = {
			isa = PBXTargetDependency;
			target = A4FDB1FC219EEF5D0071B820 /* DemoCI */;
			targetProxy = A4FDB216219EEF690071B820 /* PBXContainerItemProxy */;
		};
		A4FDB222219EEF690071B820 /* PBXTargetDependency */ = {
			isa = PBXTargetDependency;
			target = A4FDB1FC219EEF5D0071B820 /* DemoCI */;
			targetProxy = A4FDB221219EEF690071B820 /* PBXContainerItemProxy */;
		};
/* End PBXTargetDependency section */

/* Begin PBXVariantGroup section */
		A4FDB206219EEF5D0071B820 /* Main.storyboard */ = {
			isa = PBXVariantGroup;
			children = (
				A4FDB207219EEF5D0071B820 /* Base */,
			);
			name = Main.storyboard;
			sourceTree = "<group>";
		};
		A4FDB20B219EEF680071B820 /* LaunchScreen.storyboard */ = {
			isa = PBXVariantGroup;
			children = (
				A4FDB20C219EEF680071B820 /* Base */,
			);
			name = LaunchScreen.storyboard;
			sourceTree = "<group>";
		};
/* End PBXVariantGroup section */

/* Begin XCBuildConfiguration section */
		A4FDB227219EEF690071B820 /* Debug */ = {
			isa = XCBuildConfiguration;
			buildSettings = {
				ALWAYS_SEARCH_USER_PATHS = NO;
				CLANG_ANALYZER_NONNULL = YES;
				CLANG_ANALYZER_NUMBER_OBJECT_CONVERSION = YES_AGGRESSIVE;
				CLANG_CXX_LANGUAGE_STANDARD = "gnu++14";
				CLANG_CXX_LIBRARY = "libc++";
				CLANG_ENABLE_MODULES = YES;
				CLANG_ENABLE_OBJC_ARC = YES;
				CLANG_ENABLE_OBJC_WEAK = YES;
				CLANG_WARN_BLOCK_CAPTURE_AUTORELEASING = YES;
				CLANG_WARN_BOOL_CONVERSION = YES;
				CLANG_WARN_COMMA = YES;
				CLANG_WARN_CONSTANT_CONVERSION = YES;
				CLANG_WARN_DEPRECATED_OBJC_IMPLEMENTATIONS = YES;
				CLANG_WARN_DIRECT_OBJC_ISA_USAGE = YES_ERROR;
				CLANG_WARN_DOCUMENTATION_COMMENTS = YES;
				CLANG_WARN_EMPTY_BODY = YES;
				CLANG_WARN_ENUM_CONVERSION = YES;
				CLANG_WARN_INFINITE_RECURSION = YES;
				CLANG_WARN_INT_CONVERSION = YES;
				CLANG_WARN_NON_LITERAL_NULL_CONVERSION = YES;
				CLANG_WARN_OBJC_IMPLICIT_RETAIN_SELF = YES;
				CLANG_WARN_OBJC_LITERAL_CONVERSION = YES;
				CLANG_WARN_OBJC_ROOT_CLASS = YES_ERROR;
				CLANG_WARN_RANGE_LOOP_ANALYSIS = YES;
				CLANG_WARN_STRICT_PROTOTYPES = YES;
				CLANG_WARN_SUSPICIOUS_MOVE = YES;
				CLANG_WARN_UNGUARDED_AVAILABILITY = YES_AGGRESSIVE;
				CLANG_WARN_UNREACHABLE_CODE = YES;
				CLANG_WARN__DUPLICATE_METHOD_MATCH = YES;
				CODE_SIGN_IDENTITY = "iPhone Developer";
				COPY_PHASE_STRIP = NO;
				DEBUG_INFORMATION_FORMAT = dwarf;
				ENABLE_STRICT_OBJC_MSGSEND = YES;
				ENABLE_TESTABILITY = YES;
				GCC_C_LANGUAGE_STANDARD = gnu11;
				GCC_DYNAMIC_NO_PIC = NO;
				GCC_NO_COMMON_BLOCKS = YES;
				GCC_OPTIMIZATION_LEVEL = 0;
				GCC_PREPROCESSOR_DEFINITIONS = (
					"DEBUG=1",
					"$(inherited)",
				);
				GCC_WARN_64_TO_32_BIT_CONVERSION = YES;
				GCC_WARN_ABOUT_RETURN_TYPE = YES_ERROR;
				GCC_WARN_UNDECLARED_SELECTOR = YES;
				GCC_WARN_UNINITIALIZED_AUTOS = YES_AGGRESSIVE;
				GCC_WARN_UNUSED_FUNCTION = YES;
				GCC_WARN_UNUSED_VARIABLE = YES;
				IPHONEOS_DEPLOYMENT_TARGET = 12.1;
				MTL_ENABLE_DEBUG_INFO = INCLUDE_SOURCE;
				MTL_FAST_MATH = YES;
				ONLY_ACTIVE_ARCH = YES;
				SDKROOT = iphoneos;
			};
			name = Debug;
		};
		A4FDB228219EEF690071B820 /* Release */ = {
			isa = XCBuildConfiguration;
			buildSettings = {
				ALWAYS_SEARCH_USER_PATHS = NO;
				CLANG_ANALYZER_NONNULL = YES;
				CLANG_ANALYZER_NUMBER_OBJECT_CONVERSION = YES_AGGRESSIVE;
				CLANG_CXX_LANGUAGE_STANDARD = "gnu++14";
				CLANG_CXX_LIBRARY = "libc++";
				CLANG_ENABLE_MODULES = YES;
				CLANG_ENABLE_OBJC_ARC = YES;
				CLANG_ENABLE_OBJC_WEAK = YES;
				CLANG_WARN_BLOCK_CAPTURE_AUTORELEASING = YES;
				CLANG_WARN_BOOL_CONVERSION = YES;
				CLANG_WARN_COMMA = YES;
				CLANG_WARN_CONSTANT_CONVERSION = YES;
				CLANG_WARN_DEPRECATED_OBJC_IMPLEMENTATIONS = YES;
				CLANG_WARN_DIRECT_OBJC_ISA_USAGE = YES_ERROR;
				CLANG_WARN_DOCUMENTATION_COMMENTS = YES;
				CLANG_WARN_EMPTY_BODY = YES;
				CLANG_WARN_ENUM_CONVERSION = YES;
				CLANG_WARN_INFINITE_RECURSION = YES;
				CLANG_WARN_INT_CONVERSION = YES;
				CLANG_WARN_NON_LITERAL_NULL_CONVERSION = YES;
				CLANG_WARN_OBJC_IMPLICIT_RETAIN_SELF = YES;
				CLANG_WARN_OBJC_LITERAL_CONVERSION = YES;
				CLANG_WARN_OBJC_ROOT_CLASS = YES_ERROR;
				CLANG_WARN_RANGE_LOOP_ANALYSIS = YES;
				CLANG_WARN_STRICT_PROTOTYPES = YES;
				CLANG_WARN_SUSPICIOUS_MOVE = YES;
				CLANG_WARN_UNGUARDED_AVAILABILITY = YES_AGGRESSIVE;
				CLANG_WARN_UNREACHABLE_CODE = YES;
				CLANG_WARN__DUPLICATE_METHOD_MATCH = YES;
				CODE_SIGN_IDENTITY = "iPhone Developer";
				COPY_PHASE_STRIP = NO;
				DEBUG_INFORMATION_FORMAT = "dwarf-with-dsym";
				ENABLE_NS_ASSERTIONS = NO;
				ENABLE_STRICT_OBJC_MSGSEND = YES;
				GCC_C_LANGUAGE_STANDARD = gnu11;
				GCC_NO_COMMON_BLOCKS = YES;
				GCC_WARN_64_TO_32_BIT_CONVERSION = YES;
				GCC_WARN_ABOUT_RETURN_TYPE = YES_ERROR;
				GCC_WARN_UNDECLARED_SELECTOR = YES;
				GCC_WARN_UNINITIALIZED_AUTOS = YES_AGGRESSIVE;
				GCC_WARN_UNUSED_FUNCTION = YES;
				GCC_WARN_UNUSED_VARIABLE = YES;
				IPHONEOS_DEPLOYMENT_TARGET = 12.1;
				MTL_ENABLE_DEBUG_INFO = NO;
				MTL_FAST_MATH = YES;
				SDKROOT = iphoneos;
				VALIDATE_PRODUCT = YES;
			};
			name = Release;
		};
		A4FDB22A219EEF690071B820 /* Debug */ = {
			isa = XCBuildConfiguration;
			baseConfigurationReference = D83C1F3FE59516C001749905 /* Pods-DemoCI.debug.xcconfig */;
			buildSettings = {
				ASSETCATALOG_COMPILER_APPICON_NAME = AppIcon;
				CODE_SIGN_STYLE = Manual;
				DEVELOPMENT_TEAM = 6U6D63WXPD;
				ENABLE_BITCODE = NO;
				INFOPLIST_FILE = DemoCI/Info.plist;
				LD_RUNPATH_SEARCH_PATHS = (
					"$(inherited)",
					"@executable_path/Frameworks",
				);
				OTHER_LDFLAGS = (
					"$(inherited)",
					"-ObjC",
					"-framework",
					"\"UIKit\"",
				);
				PRODUCT_BUNDLE_IDENTIFIER = com.DemoCI;
				PRODUCT_NAME = "$(TARGET_NAME)";
				PROVISIONING_PROFILE_SPECIFIER = "Demo-CI-Dev";
				TARGETED_DEVICE_FAMILY = "1,2";
			};
			name = Debug;
		};
		A4FDB22B219EEF690071B820 /* Release */ = {
			isa = XCBuildConfiguration;
			baseConfigurationReference = D9B593F654190B0AB1891240 /* Pods-DemoCI.release.xcconfig */;
			buildSettings = {
				ASSETCATALOG_COMPILER_APPICON_NAME = AppIcon;
				CODE_SIGN_IDENTITY = "iPhone Distribution";
				CODE_SIGN_STYLE = Manual;
				DEVELOPMENT_TEAM = 6U6D63WXPD;
				ENABLE_BITCODE = NO;
				INFOPLIST_FILE = DemoCI/Info.plist;
				LD_RUNPATH_SEARCH_PATHS = (
					"$(inherited)",
					"@executable_path/Frameworks",
				);
				OTHER_LDFLAGS = (
					"$(inherited)",
					"-ObjC",
					"-framework",
					"\"UIKit\"",
				);
				PRODUCT_BUNDLE_IDENTIFIER = com.DemoCI;
				PRODUCT_NAME = "$(TARGET_NAME)";
				PROVISIONING_PROFILE_SPECIFIER = "Demo-CI-AppStore";
				TARGETED_DEVICE_FAMILY = "1,2";
			};
			name = Release;
		};
		A4FDB22D219EEF690071B820 /* Debug */ = {
			isa = XCBuildConfiguration;
			baseConfigurationReference = EE87988BFE8B46DD3E7F1CC2 /* Pods-DemoCITests.debug.xcconfig */;
			buildSettings = {
				BUNDLE_LOADER = "$(TEST_HOST)";
				CODE_SIGN_STYLE = Automatic;
				DEVELOPMENT_TEAM = 6U6D63WXPD;
				INFOPLIST_FILE = DemoCITests/Info.plist;
				LD_RUNPATH_SEARCH_PATHS = (
					"$(inherited)",
					"@executable_path/Frameworks",
					"@loader_path/Frameworks",
				);
				PRODUCT_BUNDLE_IDENTIFIER = com.DemoCITests;
				PRODUCT_NAME = "$(TARGET_NAME)";
				TARGETED_DEVICE_FAMILY = "1,2";
				TEST_HOST = "$(BUILT_PRODUCTS_DIR)/DemoCI.app/DemoCI";
			};
			name = Debug;
		};
		A4FDB22E219EEF690071B820 /* Release */ = {
			isa = XCBuildConfiguration;
			baseConfigurationReference = 8D9179580D6BE4451A9C878E /* Pods-DemoCITests.release.xcconfig */;
			buildSettings = {
				BUNDLE_LOADER = "$(TEST_HOST)";
				CODE_SIGN_STYLE = Automatic;
				DEVELOPMENT_TEAM = 6U6D63WXPD;
				INFOPLIST_FILE = DemoCITests/Info.plist;
				LD_RUNPATH_SEARCH_PATHS = (
					"$(inherited)",
					"@executable_path/Frameworks",
					"@loader_path/Frameworks",
				);
				PRODUCT_BUNDLE_IDENTIFIER = com.DemoCITests;
				PRODUCT_NAME = "$(TARGET_NAME)";
				TARGETED_DEVICE_FAMILY = "1,2";
				TEST_HOST = "$(BUILT_PRODUCTS_DIR)/DemoCI.app/DemoCI";
			};
			name = Release;
		};
		A4FDB230219EEF690071B820 /* Debug */ = {
			isa = XCBuildConfiguration;
			baseConfigurationReference = 3E05CFC61FAD3A2460DBA696 /* Pods-DemoCIUITests.debug.xcconfig */;
			buildSettings = {
				CODE_SIGN_STYLE = Automatic;
				DEVELOPMENT_TEAM = 6U6D63WXPD;
				INFOPLIST_FILE = DemoCIUITests/Info.plist;
				LD_RUNPATH_SEARCH_PATHS = (
					"$(inherited)",
					"@executable_path/Frameworks",
					"@loader_path/Frameworks",
				);
				PRODUCT_BUNDLE_IDENTIFIER = com.DemoCIUITests;
				PRODUCT_NAME = "$(TARGET_NAME)";
				TARGETED_DEVICE_FAMILY = "1,2";
				TEST_TARGET_NAME = DemoCI;
			};
			name = Debug;
		};
		A4FDB231219EEF690071B820 /* Release */ = {
			isa = XCBuildConfiguration;
			baseConfigurationReference = 6F0DF45C2A5CEEF3446D1BCC /* Pods-DemoCIUITests.release.xcconfig */;
			buildSettings = {
				CODE_SIGN_STYLE = Automatic;
				DEVELOPMENT_TEAM = 6U6D63WXPD;
				INFOPLIST_FILE = DemoCIUITests/Info.plist;
				LD_RUNPATH_SEARCH_PATHS = (
					"$(inherited)",
					"@executable_path/Frameworks",
					"@loader_path/Frameworks",
				);
				PRODUCT_BUNDLE_IDENTIFIER = com.DemoCIUITests;
				PRODUCT_NAME = "$(TARGET_NAME)";
				TARGETED_DEVICE_FAMILY = "1,2";
				TEST_TARGET_NAME = DemoCI;
			};
			name = Release;
		};
/* End XCBuildConfiguration section */

/* Begin XCConfigurationList section */
		A4FDB1F8219EEF5C0071B820 /* Build configuration list for PBXProject "DemoCI" */ = {
			isa = XCConfigurationList;
			buildConfigurations = (
				A4FDB227219EEF690071B820 /* Debug */,
				A4FDB228219EEF690071B820 /* Release */,
			);
			defaultConfigurationIsVisible = 0;
			defaultConfigurationName = Release;
		};
		A4FDB229219EEF690071B820 /* Build configuration list for PBXNativeTarget "DemoCI" */ = {
			isa = XCConfigurationList;
			buildConfigurations = (
				A4FDB22A219EEF690071B820 /* Debug */,
				A4FDB22B219EEF690071B820 /* Release */,
			);
			defaultConfigurationIsVisible = 0;
			defaultConfigurationName = Release;
		};
		A4FDB22C219EEF690071B820 /* Build configuration list for PBXNativeTarget "DemoCITests" */ = {
			isa = XCConfigurationList;
			buildConfigurations = (
				A4FDB22D219EEF690071B820 /* Debug */,
				A4FDB22E219EEF690071B820 /* Release */,
			);
			defaultConfigurationIsVisible = 0;
			defaultConfigurationName = Release;
		};
		A4FDB22F219EEF690071B820 /* Build configuration list for PBXNativeTarget "DemoCIUITests" */ = {
			isa = XCConfigurationList;
			buildConfigurations = (
				A4FDB230219EEF690071B820 /* Debug */,
				A4FDB231219EEF690071B820 /* Release */,
			);
			defaultConfigurationIsVisible = 0;
			defaultConfigurationName = Release;
		};
/* End XCConfigurationList section */
	};
	rootObject = A4FDB1F5219EEF5C0071B820 /* Project object */;
}
